// !$*UTF8*$!
{
	archiveVersion = 1;
	classes = {
	};
	objectVersion = 77;
	objects = {

/* Begin PBXBuildFile section */
		620DD7D32EF9DC0D00BBBDD1 /* StoreKit.framework in Frameworks */ = {isa = PBXBuildFile; fileRef = 620DD7D22EF9DC0D00BBBDD1 /* StoreKit.framework */; };
		623E8A152EE22FF000356DD7 /* Supabase in Frameworks */ = {isa = PBXBuildFile; productRef = 623E8A142EE22FF000356DD7 /* Supabase */; };
		623E95782EE4AC3100356DD7 /* WidgetKit.framework in Frameworks */ = {isa = PBXBuildFile; fileRef = 623E95772EE4AC3100356DD7 /* WidgetKit.framework */; };
		623E957A2EE4AC3100356DD7 /* SwiftUI.framework in Frameworks */ = {isa = PBXBuildFile; fileRef = 623E95792EE4AC3100356DD7 /* SwiftUI.framework */; };
		623E958B2EE4AC3200356DD7 /* FocusWidgetExtension.appex in Embed Foundation Extensions */ = {isa = PBXBuildFile; fileRef = 623E95752EE4AC3100356DD7 /* FocusWidgetExtension.appex */; settings = {ATTRIBUTES = (RemoveHeadersOnCopy, ); }; };
		628291752F0055D600D26C30 /* FirebaseAnalytics in Frameworks */ = {isa = PBXBuildFile; productRef = 628291742F0055D600D26C30 /* FirebaseAnalytics */; };
		628291772F0055D600D26C30 /* FirebaseCore in Frameworks */ = {isa = PBXBuildFile; productRef = 628291762F0055D600D26C30 /* FirebaseCore */; };
		628291792F0055D600D26C30 /* FirebaseMessaging in Frameworks */ = {isa = PBXBuildFile; productRef = 628291782F0055D600D26C30 /* FirebaseMessaging */; };
		629D63C22EF0BFD20023C568 /* GoogleSignIn in Frameworks */ = {isa = PBXBuildFile; productRef = 629D63C12EF0BFD20023C568 /* GoogleSignIn */; };
		629D65162EF353FB0023C568 /* RevenueCat in Frameworks */ = {isa = PBXBuildFile; productRef = 629D65152EF353FB0023C568 /* RevenueCat */; };
		629D65182EF354000023C568 /* RevenueCatUI in Frameworks */ = {isa = PBXBuildFile; productRef = 629D65172EF354000023C568 /* RevenueCatUI */; };
		629D651C2EF417E60023C568 /* Volta.storekit in Resources */ = {isa = PBXBuildFile; fileRef = 629D651B2EF417E60023C568 /* Volta.storekit */; };
/* End PBXBuildFile section */

/* Begin PBXContainerItemProxy section */
		623E95892EE4AC3200356DD7 /* PBXContainerItemProxy */ = {
			isa = PBXContainerItemProxy;
			containerPortal = 623E89422EE1F65300356DD7 /* Project object */;
			proxyType = 1;
			remoteGlobalIDString = 623E95742EE4AC3100356DD7;
			remoteInfo = FocusWidgetExtension;
		};
/* End PBXContainerItemProxy section */

/* Begin PBXCopyFilesBuildPhase section */
		623E958C2EE4AC3200356DD7 /* Embed Foundation Extensions */ = {
			isa = PBXCopyFilesBuildPhase;
			buildActionMask = 2147483647;
			dstPath = "";
			dstSubfolderSpec = 13;
			files = (
				623E958B2EE4AC3200356DD7 /* FocusWidgetExtension.appex in Embed Foundation Extensions */,
			);
			name = "Embed Foundation Extensions";
			runOnlyForDeploymentPostprocessing = 0;
		};
/* End PBXCopyFilesBuildPhase section */

/* Begin PBXFileReference section */
		620DD56D2EF6F9C200BBBDD1 /* TextParticle.xcodeproj */ = {isa = PBXFileReference; lastKnownFileType = "wrapper.pb-project"; path = TextParticle.xcodeproj; sourceTree = "<group>"; };
		620DD6CF2EF9C85E00BBBDD1 /* TextParticle.xcodeproj */ = {isa = PBXFileReference; lastKnownFileType = "wrapper.pb-project"; path = TextParticle.xcodeproj; sourceTree = "<group>"; };
		620DD7D22EF9DC0D00BBBDD1 /* StoreKit.framework */ = {isa = PBXFileReference; lastKnownFileType = wrapper.framework; name = StoreKit.framework; path = System/Library/Frameworks/StoreKit.framework; sourceTree = SDKROOT; };
		623E894A2EE1F65300356DD7 /* Focus.app */ = {isa = PBXFileReference; explicitFileType = wrapper.application; includeInIndex = 0; path = Focus.app; sourceTree = BUILT_PRODUCTS_DIR; };
		623E95752EE4AC3100356DD7 /* FocusWidgetExtension.appex */ = {isa = PBXFileReference; explicitFileType = "wrapper.app-extension"; includeInIndex = 0; path = FocusWidgetExtension.appex; sourceTree = BUILT_PRODUCTS_DIR; };
		623E95772EE4AC3100356DD7 /* WidgetKit.framework */ = {isa = PBXFileReference; lastKnownFileType = wrapper.framework; name = WidgetKit.framework; path = System/Library/Frameworks/WidgetKit.framework; sourceTree = SDKROOT; };
		623E95792EE4AC3100356DD7 /* SwiftUI.framework */ = {isa = PBXFileReference; lastKnownFileType = wrapper.framework; name = SwiftUI.framework; path = System/Library/Frameworks/SwiftUI.framework; sourceTree = SDKROOT; };
		623E95972EE4AC9000356DD7 /* FocusWidgetExtension.entitlements */ = {isa = PBXFileReference; lastKnownFileType = text.plist.entitlements; path = FocusWidgetExtension.entitlements; sourceTree = "<group>"; };
		6257F9F72EF6C5180000AD1C /* TextParticle.xcodeproj */ = {isa = PBXFileReference; lastKnownFileType = "wrapper.pb-project"; path = TextParticle.xcodeproj; sourceTree = "<group>"; };
		6257FB552EF6F88D0000AD1C /* TextParticle.xcodeproj */ = {isa = PBXFileReference; lastKnownFileType = "wrapper.pb-project"; path = TextParticle.xcodeproj; sourceTree = "<group>"; };
		6272BAAE2EE9D2C8002693DF /* TextParticle.xcodeproj */ = {isa = PBXFileReference; lastKnownFileType = "wrapper.pb-project"; path = TextParticle.xcodeproj; sourceTree = "<group>"; };
		628290662F0035E800D26C30 /* TextParticle.xcodeproj */ = {isa = PBXFileReference; lastKnownFileType = "wrapper.pb-project"; path = TextParticle.xcodeproj; sourceTree = "<group>"; };
		628C5A992EEB8EA900E2D165 /* TextParticle.xcodeproj */ = {isa = PBXFileReference; lastKnownFileType = "wrapper.pb-project"; path = TextParticle.xcodeproj; sourceTree = "<group>"; };
		628C5CCF2EEB93BF00E2D165 /* TextParticle.xcodeproj */ = {isa = PBXFileReference; lastKnownFileType = "wrapper.pb-project"; path = TextParticle.xcodeproj; sourceTree = "<group>"; };
		6297A4A12EE91E7600BF5326 /* TextParticle.xcodeproj */ = {isa = PBXFileReference; lastKnownFileType = "wrapper.pb-project"; path = TextParticle.xcodeproj; sourceTree = "<group>"; };
		6297A73A2EE9B4DC00BF5326 /* TextParticle.xcodeproj */ = {isa = PBXFileReference; lastKnownFileType = "wrapper.pb-project"; path = TextParticle.xcodeproj; sourceTree = "<group>"; };
		6297A8512EE9B60300BF5326 /* TextParticle.xcodeproj */ = {isa = PBXFileReference; lastKnownFileType = "wrapper.pb-project"; path = TextParticle.xcodeproj; sourceTree = "<group>"; };
		6297A9692EE9C02200BF5326 /* TextParticle.xcodeproj */ = {isa = PBXFileReference; lastKnownFileType = "wrapper.pb-project"; path = TextParticle.xcodeproj; sourceTree = "<group>"; };
		629B56972EED9D2D00CF0149 /* TextParticle.xcodeproj */ = {isa = PBXFileReference; lastKnownFileType = "wrapper.pb-project"; path = TextParticle.xcodeproj; sourceTree = "<group>"; };
		629D62F02EF0B0890023C568 /* TextParticle.xcodeproj */ = {isa = PBXFileReference; lastKnownFileType = "wrapper.pb-project"; path = TextParticle.xcodeproj; sourceTree = "<group>"; };
		629D641E2EF1D7150023C568 /* TextParticle.xcodeproj */ = {isa = PBXFileReference; lastKnownFileType = "wrapper.pb-project"; path = TextParticle.xcodeproj; sourceTree = "<group>"; };
		629D651B2EF417E60023C568 /* Volta.storekit */ = {isa = PBXFileReference; lastKnownFileType = text; path = Volta.storekit; sourceTree = "<group>"; };
		62C2AA232F043CCA0043FD06 /* TextParticle.xcodeproj */ = {isa = PBXFileReference; lastKnownFileType = "wrapper.pb-project"; path = TextParticle.xcodeproj; sourceTree = "<group>"; };
/* End PBXFileReference section */

/* Begin PBXFileSystemSynchronizedBuildFileExceptionSet section */
		623E958F2EE4AC3200356DD7 /* Exceptions for "FocusWidget" folder in "FocusWidgetExtension" target */ = {
			isa = PBXFileSystemSynchronizedBuildFileExceptionSet;
			membershipExceptions = (
				Info.plist,
			);
			target = 623E95742EE4AC3100356DD7 /* FocusWidgetExtension */;
		};
		623E959B2EE4B13700356DD7 /* Exceptions for "Focus" folder in "Focus" target */ = {
			isa = PBXFileSystemSynchronizedBuildFileExceptionSet;
			membershipExceptions = (
				Info.plist,
			);
			target = 623E89492EE1F65300356DD7 /* Focus */;
		};
/* End PBXFileSystemSynchronizedBuildFileExceptionSet section */

/* Begin PBXFileSystemSynchronizedRootGroup section */
		623E894C2EE1F65300356DD7 /* Focus */ = {
			isa = PBXFileSystemSynchronizedRootGroup;
			exceptions = (
				623E959B2EE4B13700356DD7 /* Exceptions for "Focus" folder in "Focus" target */,
			);
			path = Focus;
			sourceTree = "<group>";
		};
		623E957B2EE4AC3100356DD7 /* FocusWidget */ = {
			isa = PBXFileSystemSynchronizedRootGroup;
			exceptions = (
				623E958F2EE4AC3200356DD7 /* Exceptions for "FocusWidget" folder in "FocusWidgetExtension" target */,
			);
			path = FocusWidget;
			sourceTree = "<group>";
		};
/* End PBXFileSystemSynchronizedRootGroup section */

/* Begin PBXFrameworksBuildPhase section */
		623E89472EE1F65300356DD7 /* Frameworks */ = {
			isa = PBXFrameworksBuildPhase;
			buildActionMask = 2147483647;
			files = (
				628291792F0055D600D26C30 /* FirebaseMessaging in Frameworks */,
				629D65182EF354000023C568 /* RevenueCatUI in Frameworks */,
				623E8A152EE22FF000356DD7 /* Supabase in Frameworks */,
				628291752F0055D600D26C30 /* FirebaseAnalytics in Frameworks */,
				620DD7D32EF9DC0D00BBBDD1 /* StoreKit.framework in Frameworks */,
				628291772F0055D600D26C30 /* FirebaseCore in Frameworks */,
				629D63C22EF0BFD20023C568 /* GoogleSignIn in Frameworks */,
				629D65162EF353FB0023C568 /* RevenueCat in Frameworks */,
			);
			runOnlyForDeploymentPostprocessing = 0;
		};
		623E95722EE4AC3100356DD7 /* Frameworks */ = {
			isa = PBXFrameworksBuildPhase;
			buildActionMask = 2147483647;
			files = (
				623E957A2EE4AC3100356DD7 /* SwiftUI.framework in Frameworks */,
				623E95782EE4AC3100356DD7 /* WidgetKit.framework in Frameworks */,
			);
			runOnlyForDeploymentPostprocessing = 0;
		};
/* End PBXFrameworksBuildPhase section */

/* Begin PBXGroup section */
		620DD5C92EF6F9C200BBBDD1 /* Products */ = {
			isa = PBXGroup;
			children = (
			);
			name = Products;
			sourceTree = "<group>";
		};
		620DD72C2EF9C85E00BBBDD1 /* Products */ = {
			isa = PBXGroup;
			children = (
			);
			name = Products;
			sourceTree = "<group>";
		};
		623E89412EE1F65300356DD7 = {
			isa = PBXGroup;
			children = (
				629D651B2EF417E60023C568 /* Volta.storekit */,
				623E95972EE4AC9000356DD7 /* FocusWidgetExtension.entitlements */,
				623E894C2EE1F65300356DD7 /* Focus */,
				623E957B2EE4AC3100356DD7 /* FocusWidget */,
				623E95762EE4AC3100356DD7 /* Frameworks */,
				623E894B2EE1F65300356DD7 /* Products */,
			);
			sourceTree = "<group>";
		};
		623E894B2EE1F65300356DD7 /* Products */ = {
			isa = PBXGroup;
			children = (
				623E894A2EE1F65300356DD7 /* Focus.app */,
				623E95752EE4AC3100356DD7 /* FocusWidgetExtension.appex */,
			);
			name = Products;
			sourceTree = "<group>";
		};
		623E95762EE4AC3100356DD7 /* Frameworks */ = {
			isa = PBXGroup;
			children = (
				620DD7D22EF9DC0D00BBBDD1 /* StoreKit.framework */,
				623E95772EE4AC3100356DD7 /* WidgetKit.framework */,
				623E95792EE4AC3100356DD7 /* SwiftUI.framework */,
			);
			name = Frameworks;
			sourceTree = "<group>";
		};
		6257FA4D2EF6C5180000AD1C /* Products */ = {
			isa = PBXGroup;
			children = (
			);
			name = Products;
			sourceTree = "<group>";
		};
		6257FBB12EF6F88D0000AD1C /* Products */ = {
			isa = PBXGroup;
			children = (
			);
			name = Products;
			sourceTree = "<group>";
		};
		6272BAEA2EE9D2C8002693DF /* Products */ = {
			isa = PBXGroup;
			children = (
			);
			name = Products;
			sourceTree = "<group>";
		};
		628290C72F0035E800D26C30 /* Products */ = {
			isa = PBXGroup;
			children = (
			);
			name = Products;
			sourceTree = "<group>";
		};
		628C5AD42EEB8EA900E2D165 /* Products */ = {
			isa = PBXGroup;
			children = (
			);
			name = Products;
			sourceTree = "<group>";
		};
		628C5D0A2EEB93BF00E2D165 /* Products */ = {
			isa = PBXGroup;
			children = (
			);
			name = Products;
			sourceTree = "<group>";
		};
		6297A4A52EE91E7600BF5326 /* Products */ = {
			isa = PBXGroup;
			children = (
			);
			name = Products;
			sourceTree = "<group>";
		};
		6297A7752EE9B4DC00BF5326 /* Products */ = {
			isa = PBXGroup;
			children = (
			);
			name = Products;
			sourceTree = "<group>";
		};
		6297A88C2EE9B60300BF5326 /* Products */ = {
			isa = PBXGroup;
			children = (
			);
			name = Products;
			sourceTree = "<group>";
		};
		6297A9A42EE9C02200BF5326 /* Products */ = {
			isa = PBXGroup;
			children = (
			);
			name = Products;
			sourceTree = "<group>";
		};
		629B56D22EED9D2D00CF0149 /* Products */ = {
			isa = PBXGroup;
			children = (
			);
			name = Products;
			sourceTree = "<group>";
		};
		629D632F2EF0B0890023C568 /* Products */ = {
			isa = PBXGroup;
			children = (
			);
			name = Products;
			sourceTree = "<group>";
		};
		629D645F2EF1D7150023C568 /* Products */ = {
			isa = PBXGroup;
			children = (
			);
			name = Products;
			sourceTree = "<group>";
		};
		62C2AA8C2F043CCA0043FD06 /* Products */ = {
			isa = PBXGroup;
			children = (
			);
			name = Products;
			sourceTree = "<group>";
		};
/* End PBXGroup section */

/* Begin PBXNativeTarget section */
		623E89492EE1F65300356DD7 /* Focus */ = {
			isa = PBXNativeTarget;
			buildConfigurationList = 623E89552EE1F65500356DD7 /* Build configuration list for PBXNativeTarget "Focus" */;
			buildPhases = (
				623E89462EE1F65300356DD7 /* Sources */,
				623E89472EE1F65300356DD7 /* Frameworks */,
				623E89482EE1F65300356DD7 /* Resources */,
				623E958C2EE4AC3200356DD7 /* Embed Foundation Extensions */,
			);
			buildRules = (
			);
			dependencies = (
				623E958A2EE4AC3200356DD7 /* PBXTargetDependency */,
			);
			fileSystemSynchronizedGroups = (
				623E894C2EE1F65300356DD7 /* Focus */,
			);
			name = Focus;
			packageProductDependencies = (
				623E8A142EE22FF000356DD7 /* Supabase */,
				629D63C12EF0BFD20023C568 /* GoogleSignIn */,
				629D65152EF353FB0023C568 /* RevenueCat */,
				629D65172EF354000023C568 /* RevenueCatUI */,
				628291742F0055D600D26C30 /* FirebaseAnalytics */,
				628291762F0055D600D26C30 /* FirebaseCore */,
				628291782F0055D600D26C30 /* FirebaseMessaging */,
			);
			productName = Focus;
			productReference = 623E894A2EE1F65300356DD7 /* Focus.app */;
			productType = "com.apple.product-type.application";
		};
		623E95742EE4AC3100356DD7 /* FocusWidgetExtension */ = {
			isa = PBXNativeTarget;
			buildConfigurationList = 623E95902EE4AC3200356DD7 /* Build configuration list for PBXNativeTarget "FocusWidgetExtension" */;
			buildPhases = (
				623E95712EE4AC3100356DD7 /* Sources */,
				623E95722EE4AC3100356DD7 /* Frameworks */,
				623E95732EE4AC3100356DD7 /* Resources */,
			);
			buildRules = (
			);
			dependencies = (
			);
			fileSystemSynchronizedGroups = (
				623E957B2EE4AC3100356DD7 /* FocusWidget */,
			);
			name = FocusWidgetExtension;
			packageProductDependencies = (
			);
			productName = FocusWidgetExtension;
			productReference = 623E95752EE4AC3100356DD7 /* FocusWidgetExtension.appex */;
			productType = "com.apple.product-type.app-extension";
		};
/* End PBXNativeTarget section */

/* Begin PBXProject section */
		623E89422EE1F65300356DD7 /* Project object */ = {
			isa = PBXProject;
			attributes = {
				BuildIndependentTargetsInParallel = 1;
				LastSwiftUpdateCheck = 2610;
				LastUpgradeCheck = 2610;
				TargetAttributes = {
					623E89492EE1F65300356DD7 = {
						CreatedOnToolsVersion = 26.1.1;
					};
					623E95742EE4AC3100356DD7 = {
						CreatedOnToolsVersion = 26.1.1;
					};
				};
			};
			buildConfigurationList = 623E89452EE1F65300356DD7 /* Build configuration list for PBXProject "Focus" */;
			developmentRegion = en;
			hasScannedForEncodings = 0;
			knownRegions = (
				en,
				Base,
				fr,
				es,
			);
			mainGroup = 623E89412EE1F65300356DD7;
			minimizedProjectReferenceProxies = 1;
			packageReferences = (
				623E8A132EE22FF000356DD7 /* XCRemoteSwiftPackageReference "supabase-swift" */,
				629D63C02EF0BDA00023C568 /* XCRemoteSwiftPackageReference "GoogleSignIn-iOS" */,
				629D65142EF3536F0023C568 /* XCRemoteSwiftPackageReference "purchases-ios-spm" */,
				628291732F0054B200D26C30 /* XCRemoteSwiftPackageReference "firebase-ios-sdk" */,
			);
			preferredProjectObjectVersion = 77;
			productRefGroup = 623E894B2EE1F65300356DD7 /* Products */;
			projectDirPath = "";
			projectReferences = (
				{
					ProductGroup = 6297A9A42EE9C02200BF5326 /* Products */;
					ProjectRef = 6297A9692EE9C02200BF5326 /* TextParticle.xcodeproj */;
				},
				{
					ProductGroup = 629B56D22EED9D2D00CF0149 /* Products */;
					ProjectRef = 629B56972EED9D2D00CF0149 /* TextParticle.xcodeproj */;
				},
				{
					ProductGroup = 62C2AA8C2F043CCA0043FD06 /* Products */;
					ProjectRef = 62C2AA232F043CCA0043FD06 /* TextParticle.xcodeproj */;
				},
				{
					ProductGroup = 629D645F2EF1D7150023C568 /* Products */;
					ProjectRef = 629D641E2EF1D7150023C568 /* TextParticle.xcodeproj */;
				},
				{
					ProductGroup = 628C5D0A2EEB93BF00E2D165 /* Products */;
					ProjectRef = 628C5CCF2EEB93BF00E2D165 /* TextParticle.xcodeproj */;
				},
				{
					ProductGroup = 6297A7752EE9B4DC00BF5326 /* Products */;
					ProjectRef = 6297A73A2EE9B4DC00BF5326 /* TextParticle.xcodeproj */;
				},
				{
					ProductGroup = 629D632F2EF0B0890023C568 /* Products */;
					ProjectRef = 629D62F02EF0B0890023C568 /* TextParticle.xcodeproj */;
				},
				{
					ProductGroup = 620DD5C92EF6F9C200BBBDD1 /* Products */;
					ProjectRef = 620DD56D2EF6F9C200BBBDD1 /* TextParticle.xcodeproj */;
				},
				{
					ProductGroup = 6297A88C2EE9B60300BF5326 /* Products */;
					ProjectRef = 6297A8512EE9B60300BF5326 /* TextParticle.xcodeproj */;
				},
				{
					ProductGroup = 6297A4A52EE91E7600BF5326 /* Products */;
					ProjectRef = 6297A4A12EE91E7600BF5326 /* TextParticle.xcodeproj */;
				},
				{
					ProductGroup = 6257FBB12EF6F88D0000AD1C /* Products */;
					ProjectRef = 6257FB552EF6F88D0000AD1C /* TextParticle.xcodeproj */;
				},
				{
					ProductGroup = 620DD72C2EF9C85E00BBBDD1 /* Products */;
					ProjectRef = 620DD6CF2EF9C85E00BBBDD1 /* TextParticle.xcodeproj */;
				},
				{
					ProductGroup = 628C5AD42EEB8EA900E2D165 /* Products */;
					ProjectRef = 628C5A992EEB8EA900E2D165 /* TextParticle.xcodeproj */;
				},
				{
					ProductGroup = 6257FA4D2EF6C5180000AD1C /* Products */;
					ProjectRef = 6257F9F72EF6C5180000AD1C /* TextParticle.xcodeproj */;
				},
				{
					ProductGroup = 628290C72F0035E800D26C30 /* Products */;
					ProjectRef = 628290662F0035E800D26C30 /* TextParticle.xcodeproj */;
				},
				{
					ProductGroup = 6272BAEA2EE9D2C8002693DF /* Products */;
					ProjectRef = 6272BAAE2EE9D2C8002693DF /* TextParticle.xcodeproj */;
				},
			);
			projectRoot = "";
			targets = (
				623E89492EE1F65300356DD7 /* Focus */,
				623E95742EE4AC3100356DD7 /* FocusWidgetExtension */,
			);
		};
/* End PBXProject section */

/* Begin PBXResourcesBuildPhase section */
		623E89482EE1F65300356DD7 /* Resources */ = {
			isa = PBXResourcesBuildPhase;
			buildActionMask = 2147483647;
			files = (
				629D651C2EF417E60023C568 /* Volta.storekit in Resources */,
			);
			runOnlyForDeploymentPostprocessing = 0;
		};
		623E95732EE4AC3100356DD7 /* Resources */ = {
			isa = PBXResourcesBuildPhase;
			buildActionMask = 2147483647;
			files = (
			);
			runOnlyForDeploymentPostprocessing = 0;
		};
/* End PBXResourcesBuildPhase section */

/* Begin PBXSourcesBuildPhase section */
		623E89462EE1F65300356DD7 /* Sources */ = {
			isa = PBXSourcesBuildPhase;
			buildActionMask = 2147483647;
			files = (
			);
			runOnlyForDeploymentPostprocessing = 0;
		};
		623E95712EE4AC3100356DD7 /* Sources */ = {
			isa = PBXSourcesBuildPhase;
			buildActionMask = 2147483647;
			files = (
			);
			runOnlyForDeploymentPostprocessing = 0;
		};
/* End PBXSourcesBuildPhase section */

/* Begin PBXTargetDependency section */
		623E958A2EE4AC3200356DD7 /* PBXTargetDependency */ = {
			isa = PBXTargetDependency;
			target = 623E95742EE4AC3100356DD7 /* FocusWidgetExtension */;
			targetProxy = 623E95892EE4AC3200356DD7 /* PBXContainerItemProxy */;
		};
/* End PBXTargetDependency section */

/* Begin XCBuildConfiguration section */
		623E89532EE1F65500356DD7 /* Debug */ = {
			isa = XCBuildConfiguration;
			buildSettings = {
				ALWAYS_SEARCH_USER_PATHS = NO;
				ASSETCATALOG_COMPILER_GENERATE_SWIFT_ASSET_SYMBOL_EXTENSIONS = YES;
				CLANG_ANALYZER_NONNULL = YES;
				CLANG_ANALYZER_NUMBER_OBJECT_CONVERSION = YES_AGGRESSIVE;
				CLANG_CXX_LANGUAGE_STANDARD = "gnu++20";
				CLANG_ENABLE_MODULES = YES;
				CLANG_ENABLE_OBJC_ARC = YES;
				CLANG_ENABLE_OBJC_WEAK = YES;
				CLANG_WARN_BLOCK_CAPTURE_AUTORELEASING = YES;
				CLANG_WARN_BOOL_CONVERSION = YES;
				CLANG_WARN_COMMA = YES;
				CLANG_WARN_CONSTANT_CONVERSION = YES;
				CLANG_WARN_DEPRECATED_OBJC_IMPLEMENTATIONS = YES;
				CLANG_WARN_DIRECT_OBJC_ISA_USAGE = YES_ERROR;
				CLANG_WARN_DOCUMENTATION_COMMENTS = YES;
				CLANG_WARN_EMPTY_BODY = YES;
				CLANG_WARN_ENUM_CONVERSION = YES;
				CLANG_WARN_INFINITE_RECURSION = YES;
				CLANG_WARN_INT_CONVERSION = YES;
				CLANG_WARN_NON_LITERAL_NULL_CONVERSION = YES;
				CLANG_WARN_OBJC_IMPLICIT_RETAIN_SELF = YES;
				CLANG_WARN_OBJC_LITERAL_CONVERSION = YES;
				CLANG_WARN_OBJC_ROOT_CLASS = YES_ERROR;
				CLANG_WARN_QUOTED_INCLUDE_IN_FRAMEWORK_HEADER = YES;
				CLANG_WARN_RANGE_LOOP_ANALYSIS = YES;
				CLANG_WARN_STRICT_PROTOTYPES = YES;
				CLANG_WARN_SUSPICIOUS_MOVE = YES;
				CLANG_WARN_UNGUARDED_AVAILABILITY = YES_AGGRESSIVE;
				CLANG_WARN_UNREACHABLE_CODE = YES;
				CLANG_WARN__DUPLICATE_METHOD_MATCH = YES;
				COPY_PHASE_STRIP = NO;
				DEBUG_INFORMATION_FORMAT = dwarf;
				ENABLE_STRICT_OBJC_MSGSEND = YES;
				ENABLE_TESTABILITY = YES;
				ENABLE_USER_SCRIPT_SANDBOXING = YES;
				GCC_C_LANGUAGE_STANDARD = gnu17;
				GCC_DYNAMIC_NO_PIC = NO;
				GCC_NO_COMMON_BLOCKS = YES;
				GCC_OPTIMIZATION_LEVEL = 0;
				GCC_PREPROCESSOR_DEFINITIONS = (
					"DEBUG=1",
					"$(inherited)",
				);
				GCC_WARN_64_TO_32_BIT_CONVERSION = YES;
				GCC_WARN_ABOUT_RETURN_TYPE = YES_ERROR;
				GCC_WARN_UNDECLARED_SELECTOR = YES;
				GCC_WARN_UNINITIALIZED_AUTOS = YES_AGGRESSIVE;
				GCC_WARN_UNUSED_FUNCTION = YES;
				GCC_WARN_UNUSED_VARIABLE = YES;
				LOCALIZATION_PREFERS_STRING_CATALOGS = YES;
				MTL_ENABLE_DEBUG_INFO = INCLUDE_SOURCE;
				MTL_FAST_MATH = YES;
				ONLY_ACTIVE_ARCH = YES;
				SWIFT_ACTIVE_COMPILATION_CONDITIONS = "DEBUG $(inherited)";
				SWIFT_OPTIMIZATION_LEVEL = "-Onone";
			};
			name = Debug;
		};
		623E89542EE1F65500356DD7 /* Release */ = {
			isa = XCBuildConfiguration;
			buildSettings = {
				ALWAYS_SEARCH_USER_PATHS = NO;
				ASSETCATALOG_COMPILER_GENERATE_SWIFT_ASSET_SYMBOL_EXTENSIONS = YES;
				CLANG_ANALYZER_NONNULL = YES;
				CLANG_ANALYZER_NUMBER_OBJECT_CONVERSION = YES_AGGRESSIVE;
				CLANG_CXX_LANGUAGE_STANDARD = "gnu++20";
				CLANG_ENABLE_MODULES = YES;
				CLANG_ENABLE_OBJC_ARC = YES;
				CLANG_ENABLE_OBJC_WEAK = YES;
				CLANG_WARN_BLOCK_CAPTURE_AUTORELEASING = YES;
				CLANG_WARN_BOOL_CONVERSION = YES;
				CLANG_WARN_COMMA = YES;
				CLANG_WARN_CONSTANT_CONVERSION = YES;
				CLANG_WARN_DEPRECATED_OBJC_IMPLEMENTATIONS = YES;
				CLANG_WARN_DIRECT_OBJC_ISA_USAGE = YES_ERROR;
				CLANG_WARN_DOCUMENTATION_COMMENTS = YES;
				CLANG_WARN_EMPTY_BODY = YES;
				CLANG_WARN_ENUM_CONVERSION = YES;
				CLANG_WARN_INFINITE_RECURSION = YES;
				CLANG_WARN_INT_CONVERSION = YES;
				CLANG_WARN_NON_LITERAL_NULL_CONVERSION = YES;
				CLANG_WARN_OBJC_IMPLICIT_RETAIN_SELF = YES;
				CLANG_WARN_OBJC_LITERAL_CONVERSION = YES;
				CLANG_WARN_OBJC_ROOT_CLASS = YES_ERROR;
				CLANG_WARN_QUOTED_INCLUDE_IN_FRAMEWORK_HEADER = YES;
				CLANG_WARN_RANGE_LOOP_ANALYSIS = YES;
				CLANG_WARN_STRICT_PROTOTYPES = YES;
				CLANG_WARN_SUSPICIOUS_MOVE = YES;
				CLANG_WARN_UNGUARDED_AVAILABILITY = YES_AGGRESSIVE;
				CLANG_WARN_UNREACHABLE_CODE = YES;
				CLANG_WARN__DUPLICATE_METHOD_MATCH = YES;
				COPY_PHASE_STRIP = NO;
				DEBUG_INFORMATION_FORMAT = "dwarf-with-dsym";
				ENABLE_NS_ASSERTIONS = NO;
				ENABLE_STRICT_OBJC_MSGSEND = YES;
				ENABLE_USER_SCRIPT_SANDBOXING = YES;
				GCC_C_LANGUAGE_STANDARD = gnu17;
				GCC_NO_COMMON_BLOCKS = YES;
				GCC_WARN_64_TO_32_BIT_CONVERSION = YES;
				GCC_WARN_ABOUT_RETURN_TYPE = YES_ERROR;
				GCC_WARN_UNDECLARED_SELECTOR = YES;
				GCC_WARN_UNINITIALIZED_AUTOS = YES_AGGRESSIVE;
				GCC_WARN_UNUSED_FUNCTION = YES;
				GCC_WARN_UNUSED_VARIABLE = YES;
				LOCALIZATION_PREFERS_STRING_CATALOGS = YES;
				MTL_ENABLE_DEBUG_INFO = NO;
				MTL_FAST_MATH = YES;
				SWIFT_COMPILATION_MODE = wholemodule;
			};
			name = Release;
		};
		623E89562EE1F65500356DD7 /* Debug */ = {
			isa = XCBuildConfiguration;
			buildSettings = {
				ASSETCATALOG_COMPILER_APPICON_NAME = AppIcon;
				ASSETCATALOG_COMPILER_GLOBAL_ACCENT_COLOR_NAME = AccentColor;
				CODE_SIGN_ENTITLEMENTS = Focus/Focus.entitlements;
				CODE_SIGN_IDENTITY = "Apple Development";
				CODE_SIGN_STYLE = Automatic;
				CURRENT_PROJECT_VERSION = 0;
				DEVELOPMENT_TEAM = 62NW6K29QN;
				EMIT_FRONTEND_COMMAND_LINES = YES;
				ENABLE_APP_SANDBOX = YES;
				ENABLE_PREVIEWS = YES;
				ENABLE_USER_SELECTED_FILES = readonly;
				GENERATE_INFOPLIST_FILE = YES;
				INFOPLIST_FILE = Focus/Info.plist;
				INFOPLIST_KEY_CFBundleDisplayName = Volta;
				INFOPLIST_KEY_NSCameraUsageDescription = "Volta needs access to your camera to take a profile photo selfie.";
				INFOPLIST_KEY_NSMicrophoneUsageDescription = "Volta a besoin d'accéder au microphone pour la reconnaissance vocale et l'assistant IA.";
				INFOPLIST_KEY_NSPhotoLibraryUsageDescription = "Volta needs access to your photo library to select a profile photo.";
				INFOPLIST_KEY_NSSpeechRecognitionUsageDescription = "Volta utilise la reconnaissance vocale pour t'aider à planifier ta journée et définir tes intentions par la voix.";
				INFOPLIST_KEY_NSSupportsLiveActivities = YES;
				"INFOPLIST_KEY_UIApplicationSceneManifest_Generation[sdk=iphoneos*]" = YES;
				"INFOPLIST_KEY_UIApplicationSceneManifest_Generation[sdk=iphonesimulator*]" = YES;
				"INFOPLIST_KEY_UIApplicationSupportsIndirectInputEvents[sdk=iphoneos*]" = YES;
				"INFOPLIST_KEY_UIApplicationSupportsIndirectInputEvents[sdk=iphonesimulator*]" = YES;
				"INFOPLIST_KEY_UILaunchScreen_Generation[sdk=iphoneos*]" = YES;
				"INFOPLIST_KEY_UILaunchScreen_Generation[sdk=iphonesimulator*]" = YES;
				"INFOPLIST_KEY_UIStatusBarStyle[sdk=iphoneos*]" = UIStatusBarStyleDefault;
				"INFOPLIST_KEY_UIStatusBarStyle[sdk=iphonesimulator*]" = UIStatusBarStyleDefault;
				INFOPLIST_KEY_UISupportedInterfaceOrientations_iPad = "UIInterfaceOrientationPortrait UIInterfaceOrientationPortraitUpsideDown UIInterfaceOrientationLandscapeLeft UIInterfaceOrientationLandscapeRight";
				INFOPLIST_KEY_UISupportedInterfaceOrientations_iPhone = "UIInterfaceOrientationPortrait UIInterfaceOrientationLandscapeLeft UIInterfaceOrientationLandscapeRight";
				IPHONEOS_DEPLOYMENT_TARGET = 17.0;
				LD_RUNPATH_SEARCH_PATHS = "@executable_path/Frameworks";
				"LD_RUNPATH_SEARCH_PATHS[sdk=macosx*]" = "@executable_path/../Frameworks";
				MACOSX_DEPLOYMENT_TARGET = 14.0;
				MARKETING_VERSION = 1.6;
				OTHER_LDFLAGS = "";
				"OTHER_LDFLAGS[arch=*]" = (
					"-Xlinker",
					"-interposable",
				);
				PRODUCT_BUNDLE_IDENTIFIER = com.jep.volta;
				PRODUCT_NAME = "$(TARGET_NAME)";
				PROVISIONING_PROFILE_SPECIFIER = "";
				REGISTER_APP_GROUPS = YES;
				SDKROOT = auto;
				STRING_CATALOG_GENERATE_SYMBOLS = YES;
				SUPPORTED_PLATFORMS = "iphoneos iphonesimulator";
				SWIFT_APPROACHABLE_CONCURRENCY = YES;
				SWIFT_DEFAULT_ACTOR_ISOLATION = MainActor;
				SWIFT_EMIT_LOC_STRINGS = YES;
				SWIFT_UPCOMING_FEATURE_MEMBER_IMPORT_VISIBILITY = YES;
				SWIFT_VERSION = 5.0;
				TARGETED_DEVICE_FAMILY = "1,2,7";
				XROS_DEPLOYMENT_TARGET = 1.0;
			};
			name = Debug;
		};
		623E89572EE1F65500356DD7 /* Release */ = {
			isa = XCBuildConfiguration;
			buildSettings = {
				ASSETCATALOG_COMPILER_APPICON_NAME = AppIcon;
				ASSETCATALOG_COMPILER_GLOBAL_ACCENT_COLOR_NAME = AccentColor;
				CODE_SIGN_ENTITLEMENTS = Focus/Focus.entitlements;
				CODE_SIGN_IDENTITY = "Apple Development";
				CODE_SIGN_STYLE = Automatic;
				CURRENT_PROJECT_VERSION = 0;
				DEVELOPMENT_TEAM = 62NW6K29QN;
				EMIT_FRONTEND_COMMAND_LINES = YES;
				ENABLE_APP_SANDBOX = YES;
				ENABLE_PREVIEWS = YES;
				ENABLE_USER_SELECTED_FILES = readonly;
				GENERATE_INFOPLIST_FILE = YES;
				INFOPLIST_FILE = Focus/Info.plist;
				INFOPLIST_KEY_CFBundleDisplayName = Volta;
				INFOPLIST_KEY_NSCameraUsageDescription = "Volta needs access to your camera to take a profile photo selfie.";
				INFOPLIST_KEY_NSMicrophoneUsageDescription = "Volta a besoin d'accéder au microphone pour la reconnaissance vocale et l'assistant IA.";
				INFOPLIST_KEY_NSPhotoLibraryUsageDescription = "Volta needs access to your photo library to select a profile photo.";
				INFOPLIST_KEY_NSSpeechRecognitionUsageDescription = "Volta utilise la reconnaissance vocale pour t'aider à planifier ta journée et définir tes intentions par la voix.";
				INFOPLIST_KEY_NSSupportsLiveActivities = YES;
				"INFOPLIST_KEY_UIApplicationSceneManifest_Generation[sdk=iphoneos*]" = YES;
				"INFOPLIST_KEY_UIApplicationSceneManifest_Generation[sdk=iphonesimulator*]" = YES;
				"INFOPLIST_KEY_UIApplicationSupportsIndirectInputEvents[sdk=iphoneos*]" = YES;
				"INFOPLIST_KEY_UIApplicationSupportsIndirectInputEvents[sdk=iphonesimulator*]" = YES;
				"INFOPLIST_KEY_UILaunchScreen_Generation[sdk=iphoneos*]" = YES;
				"INFOPLIST_KEY_UILaunchScreen_Generation[sdk=iphonesimulator*]" = YES;
				"INFOPLIST_KEY_UIStatusBarStyle[sdk=iphoneos*]" = UIStatusBarStyleDefault;
				"INFOPLIST_KEY_UIStatusBarStyle[sdk=iphonesimulator*]" = UIStatusBarStyleDefault;
				INFOPLIST_KEY_UISupportedInterfaceOrientations_iPad = "UIInterfaceOrientationPortrait UIInterfaceOrientationPortraitUpsideDown UIInterfaceOrientationLandscapeLeft UIInterfaceOrientationLandscapeRight";
				INFOPLIST_KEY_UISupportedInterfaceOrientations_iPhone = "UIInterfaceOrientationPortrait UIInterfaceOrientationLandscapeLeft UIInterfaceOrientationLandscapeRight";
				IPHONEOS_DEPLOYMENT_TARGET = 17.0;
				LD_RUNPATH_SEARCH_PATHS = "@executable_path/Frameworks";
				"LD_RUNPATH_SEARCH_PATHS[sdk=macosx*]" = "@executable_path/../Frameworks";
				MACOSX_DEPLOYMENT_TARGET = 14.0;
				MARKETING_VERSION = 1.6;
				OTHER_LDFLAGS = "";
				PRODUCT_BUNDLE_IDENTIFIER = com.jep.volta;
				PRODUCT_NAME = "$(TARGET_NAME)";
				PROVISIONING_PROFILE_SPECIFIER = "";
				REGISTER_APP_GROUPS = YES;
				SDKROOT = auto;
				STRING_CATALOG_GENERATE_SYMBOLS = YES;
				SUPPORTED_PLATFORMS = "iphoneos iphonesimulator";
				SWIFT_APPROACHABLE_CONCURRENCY = YES;
				SWIFT_DEFAULT_ACTOR_ISOLATION = MainActor;
				SWIFT_EMIT_LOC_STRINGS = YES;
				SWIFT_UPCOMING_FEATURE_MEMBER_IMPORT_VISIBILITY = YES;
				SWIFT_VERSION = 5.0;
				TARGETED_DEVICE_FAMILY = "1,2,7";
				XROS_DEPLOYMENT_TARGET = 1.0;
			};
			name = Release;
		};
		623E958D2EE4AC3200356DD7 /* Debug */ = {
			isa = XCBuildConfiguration;
			buildSettings = {
				ASSETCATALOG_COMPILER_GLOBAL_ACCENT_COLOR_NAME = AccentColor;
				ASSETCATALOG_COMPILER_WIDGET_BACKGROUND_COLOR_NAME = WidgetBackground;
				CODE_SIGN_ENTITLEMENTS = FocusWidgetExtension.entitlements;
				CODE_SIGN_IDENTITY = "Apple Development";
				CODE_SIGN_STYLE = Automatic;
				CURRENT_PROJECT_VERSION = 1;
				DEVELOPMENT_TEAM = 62NW6K29QN;
				GENERATE_INFOPLIST_FILE = YES;
				INFOPLIST_FILE = FocusWidget/Info.plist;
				INFOPLIST_KEY_CFBundleDisplayName = FocusWidget;
				INFOPLIST_KEY_NSHumanReadableCopyright = "";
				IPHONEOS_DEPLOYMENT_TARGET = 26.1;
				LD_RUNPATH_SEARCH_PATHS = (
					"$(inherited)",
					"@executable_path/Frameworks",
					"@executable_path/../../Frameworks",
				);
				MARKETING_VERSION = 1.0;
				PRODUCT_BUNDLE_IDENTIFIER = com.jep.volta.FocusWidget;
				PRODUCT_NAME = "$(TARGET_NAME)";
				PROVISIONING_PROFILE_SPECIFIER = "";
				SDKROOT = iphoneos;
				SKIP_INSTALL = YES;
				STRING_CATALOG_GENERATE_SYMBOLS = YES;
				SWIFT_APPROACHABLE_CONCURRENCY = YES;
				SWIFT_EMIT_LOC_STRINGS = YES;
				SWIFT_UPCOMING_FEATURE_MEMBER_IMPORT_VISIBILITY = YES;
				SWIFT_VERSION = 5.0;
				TARGETED_DEVICE_FAMILY = "1,2";
			};
			name = Debug;
		};
		623E958E2EE4AC3200356DD7 /* Release */ = {
			isa = XCBuildConfiguration;
			buildSettings = {
				ASSETCATALOG_COMPILER_GLOBAL_ACCENT_COLOR_NAME = AccentColor;
				ASSETCATALOG_COMPILER_WIDGET_BACKGROUND_COLOR_NAME = WidgetBackground;
				CODE_SIGN_ENTITLEMENTS = FocusWidgetExtension.entitlements;
				CODE_SIGN_IDENTITY = "Apple Development";
				CODE_SIGN_STYLE = Automatic;
				CURRENT_PROJECT_VERSION = 1;
				DEVELOPMENT_TEAM = 62NW6K29QN;
				GENERATE_INFOPLIST_FILE = YES;
				INFOPLIST_FILE = FocusWidget/Info.plist;
				INFOPLIST_KEY_CFBundleDisplayName = FocusWidget;
				INFOPLIST_KEY_NSHumanReadableCopyright = "";
				IPHONEOS_DEPLOYMENT_TARGET = 26.1;
				LD_RUNPATH_SEARCH_PATHS = (
					"$(inherited)",
					"@executable_path/Frameworks",
					"@executable_path/../../Frameworks",
				);
				MARKETING_VERSION = 1.0;
				PRODUCT_BUNDLE_IDENTIFIER = com.jep.volta.FocusWidget;
				PRODUCT_NAME = "$(TARGET_NAME)";
				PROVISIONING_PROFILE_SPECIFIER = "";
				SDKROOT = iphoneos;
				SKIP_INSTALL = YES;
				STRING_CATALOG_GENERATE_SYMBOLS = YES;
				SWIFT_APPROACHABLE_CONCURRENCY = YES;
				SWIFT_EMIT_LOC_STRINGS = YES;
				SWIFT_UPCOMING_FEATURE_MEMBER_IMPORT_VISIBILITY = YES;
				SWIFT_VERSION = 5.0;
				TARGETED_DEVICE_FAMILY = "1,2";
				VALIDATE_PRODUCT = YES;
			};
			name = Release;
		};
/* End XCBuildConfiguration section */

/* Begin XCConfigurationList section */
		623E89452EE1F65300356DD7 /* Build configuration list for PBXProject "Focus" */ = {
			isa = XCConfigurationList;
			buildConfigurations = (
				623E89532EE1F65500356DD7 /* Debug */,
				623E89542EE1F65500356DD7 /* Release */,
			);
			defaultConfigurationIsVisible = 0;
			defaultConfigurationName = Release;
		};
		623E89552EE1F65500356DD7 /* Build configuration list for PBXNativeTarget "Focus" */ = {
			isa = XCConfigurationList;
			buildConfigurations = (
				623E89562EE1F65500356DD7 /* Debug */,
				623E89572EE1F65500356DD7 /* Release */,
			);
			defaultConfigurationIsVisible = 0;
			defaultConfigurationName = Release;
		};
		623E95902EE4AC3200356DD7 /* Build configuration list for PBXNativeTarget "FocusWidgetExtension" */ = {
			isa = XCConfigurationList;
			buildConfigurations = (
				623E958D2EE4AC3200356DD7 /* Debug */,
				623E958E2EE4AC3200356DD7 /* Release */,
			);
			defaultConfigurationIsVisible = 0;
			defaultConfigurationName = Release;
		};
/* End XCConfigurationList section */

/* Begin XCRemoteSwiftPackageReference section */
		623E8A132EE22FF000356DD7 /* XCRemoteSwiftPackageReference "supabase-swift" */ = {
			isa = XCRemoteSwiftPackageReference;
			repositoryURL = "https://github.com/supabase/supabase-swift.git";
			requirement = {
				kind = upToNextMajorVersion;
				minimumVersion = 2.5.1;
			};
		};
		628291732F0054B200D26C30 /* XCRemoteSwiftPackageReference "firebase-ios-sdk" */ = {
			isa = XCRemoteSwiftPackageReference;
			repositoryURL = "https://github.com/firebase/firebase-ios-sdk";
			requirement = {
				kind = upToNextMajorVersion;
				minimumVersion = 12.7.0;
			};
		};
		629D63C02EF0BDA00023C568 /* XCRemoteSwiftPackageReference "GoogleSignIn-iOS" */ = {
			isa = XCRemoteSwiftPackageReference;
			repositoryURL = "https://github.com/google/GoogleSignIn-iOS";
			requirement = {
				kind = upToNextMajorVersion;
				minimumVersion = 9.0.0;
			};
		};
		629D65142EF3536F0023C568 /* XCRemoteSwiftPackageReference "purchases-ios-spm" */ = {
			isa = XCRemoteSwiftPackageReference;
			repositoryURL = "https://github.com/RevenueCat/purchases-ios-spm.git";
			requirement = {
				kind = upToNextMajorVersion;
				minimumVersion = 5.50.1;
			};
		};
/* End XCRemoteSwiftPackageReference section */

/* Begin XCSwiftPackageProductDependency section */
		623E8A142EE22FF000356DD7 /* Supabase */ = {
			isa = XCSwiftPackageProductDependency;
			package = 623E8A132EE22FF000356DD7 /* XCRemoteSwiftPackageReference "supabase-swift" */;
			productName = Supabase;
		};
		628291742F0055D600D26C30 /* FirebaseAnalytics */ = {
			isa = XCSwiftPackageProductDependency;
			package = 628291732F0054B200D26C30 /* XCRemoteSwiftPackageReference "firebase-ios-sdk" */;
			productName = FirebaseAnalytics;
		};
		628291762F0055D600D26C30 /* FirebaseCore */ = {
			isa = XCSwiftPackageProductDependency;
			package = 628291732F0054B200D26C30 /* XCRemoteSwiftPackageReference "firebase-ios-sdk" */;
			productName = FirebaseCore;
		};
		628291782F0055D600D26C30 /* FirebaseMessaging */ = {
			isa = XCSwiftPackageProductDependency;
			package = 628291732F0054B200D26C30 /* XCRemoteSwiftPackageReference "firebase-ios-sdk" */;
			productName = FirebaseMessaging;
		};
		629D63C12EF0BFD20023C568 /* GoogleSignIn */ = {
			isa = XCSwiftPackageProductDependency;
			package = 629D63C02EF0BDA00023C568 /* XCRemoteSwiftPackageReference "GoogleSignIn-iOS" */;
			productName = GoogleSignIn;
		};
		629D65152EF353FB0023C568 /* RevenueCat */ = {
			isa = XCSwiftPackageProductDependency;
			package = 629D65142EF3536F0023C568 /* XCRemoteSwiftPackageReference "purchases-ios-spm" */;
			productName = RevenueCat;
		};
		629D65172EF354000023C568 /* RevenueCatUI */ = {
			isa = XCSwiftPackageProductDependency;
			package = 629D65142EF3536F0023C568 /* XCRemoteSwiftPackageReference "purchases-ios-spm" */;
			productName = RevenueCatUI;
		};
/* End XCSwiftPackageProductDependency section */
	};
	rootObject = 623E89422EE1F65300356DD7 /* Project object */;
}
